
Microsoft Visual Studio Solution File, Format Version 12.00
# Visual Studio Version 17
VisualStudioVersion = 17.7.34221.43
MinimumVisualStudioVersion = 10.0.40219.1
Project("{FAE04EC0-301F-11D3-BF4B-00C04F79EFBC}") = "API_Serviciokankuamo", "API_Serviciokankuamo\API_Serviciokankuamo.csproj", "{D35685EE-55C2-429B-B0BD-433B24CED007}"
EndProject
Global
	GlobalSection(SolutionConfigurationPlatforms) = preSolution
		Debug|Any CPU = Debug|Any CPU
		Release|Any CPU = Release|Any CPU
	EndGlobalSection
	GlobalSection(ProjectConfigurationPlatforms) = postSolution
		{D35685EE-55C2-429B-B0BD-433B24CED007}.Debug|Any CPU.ActiveCfg = Debug|Any CPU
		{D35685EE-55C2-429B-B0BD-433B24CED007}.Debug|Any CPU.Build.0 = Debug|Any CPU
		{D35685EE-55C2-429B-B0BD-433B24CED007}.Release|Any CPU.ActiveCfg = Release|Any CPU
		{D35685EE-55C2-429B-B0BD-433B24CED007}.Release|Any CPU.Build.0 = Release|Any CPU
	EndGlobalSection
	GlobalSection(SolutionProperties) = preSolution
		HideSolutionNode = FALSE
	EndGlobalSection
	GlobalSection(ExtensibilityGlobals) = postSolution
		SolutionGuid = {067578E9-6743-4D46-84CE-296F702FABCE}
	EndGlobalSection
EndGlobal
